
Microsoft Visual Studio Solution File, Format Version 12.00
# Visual Studio Version 17
VisualStudioVersion = 17.13.35806.99 d17.13
MinimumVisualStudioVersion = 10.0.40219.1
Project("{FAE04EC0-301F-11D3-BF4B-00C04F79EFBC}") = "POOconcepts", "POOconcepts\POOconcepts.csproj", "{0E5B9968-A514-4EED-B458-1328BD4B2046}"
EndProject
Global
	GlobalSection(SolutionConfigurationPlatforms) = preSolution
		Debug|Any CPU = Debug|Any CPU
		Release|Any CPU = Release|Any CPU
	EndGlobalSection
	GlobalSection(ProjectConfigurationPlatforms) = postSolution
		{0E5B9968-A514-4EED-B458-1328BD4B2046}.Debug|Any CPU.ActiveCfg = Debug|Any CPU
		{0E5B9968-A514-4EED-B458-1328BD4B2046}.Debug|Any CPU.Build.0 = Debug|Any CPU
		{0E5B9968-A514-4EED-B458-1328BD4B2046}.Release|Any CPU.ActiveCfg = Release|Any CPU
		{0E5B9968-A514-4EED-B458-1328BD4B2046}.Release|Any CPU.Build.0 = Release|Any CPU
	EndGlobalSection
	GlobalSection(SolutionProperties) = preSolution
		HideSolutionNode = FALSE
	EndGlobalSection
	GlobalSection(ExtensibilityGlobals) = postSolution
		SolutionGuid = {6CFD1503-FE99-427A-AA2E-0E2516E5B9AC}
	EndGlobalSection
EndGlobal
